// !$*UTF8*$!
{
	archiveVersion = 1;
	classes = {
	};
	objectVersion = 46;
	objects = {

/* Begin PBXBuildFile section */
		001902A51DE2B0CA00145E03 /* AppDelegate.swift in Sources */ = {isa = PBXBuildFile; fileRef = 001902A41DE2B0CA00145E03 /* AppDelegate.swift */; };
		001902A71DE2B0CA00145E03 /* ViewController.swift in Sources */ = {isa = PBXBuildFile; fileRef = 001902A61DE2B0CA00145E03 /* ViewController.swift */; };
		001902AA1DE2B0CA00145E03 /* Main.storyboard in Resources */ = {isa = PBXBuildFile; fileRef = 001902A81DE2B0CA00145E03 /* Main.storyboard */; };
		001902AC1DE2B0CA00145E03 /* Assets.xcassets in Resources */ = {isa = PBXBuildFile; fileRef = 001902AB1DE2B0CA00145E03 /* Assets.xcassets */; };
		001902AF1DE2B0CA00145E03 /* LaunchScreen.storyboard in Resources */ = {isa = PBXBuildFile; fileRef = 001902AD1DE2B0CA00145E03 /* LaunchScreen.storyboard */; };
/* End PBXBuildFile section */

/* Begin PBXFileReference section */
		001902A11DE2B0CA00145E03 /* ApplicationFlowCoordinators.app */ = {isa = PBXFileReference; explicitFileType = wrapper.application; includeInIndex = 0; path = ApplicationFlowCoordinators.app; sourceTree = BUILT_PRODUCTS_DIR; };
		001902A41DE2B0CA00145E03 /* AppDelegate.swift */ = {isa = PBXFileReference; lastKnownFileType = sourcecode.swift; path = AppDelegate.swift; sourceTree = "<group>"; };
		001902A61DE2B0CA00145E03 /* ViewController.swift */ = {isa = PBXFileReference; lastKnownFileType = sourcecode.swift; path = ViewController.swift; sourceTree = "<group>"; };
		001902A91DE2B0CA00145E03 /* Base */ = {isa = PBXFileReference; lastKnownFileType = file.storyboard; name = Base; path = Base.lproj/Main.storyboard; sourceTree = "<group>"; };
		001902AB1DE2B0CA00145E03 /* Assets.xcassets */ = {isa = PBXFileReference; lastKnownFileType = folder.assetcatalog; path = Assets.xcassets; sourceTree = "<group>"; };
		001902AE1DE2B0CA00145E03 /* Base */ = {isa = PBXFileReference; lastKnownFileType = file.storyboard; name = Base; path = Base.lproj/LaunchScreen.storyboard; sourceTree = "<group>"; };
		001902B01DE2B0CA00145E03 /* Info.plist */ = {isa = PBXFileReference; lastKnownFileType = text.plist.xml; path = Info.plist; sourceTree = "<group>"; };
/* End PBXFileReference section */

/* Begin PBXFrameworksBuildPhase section */
		0019029E1DE2B0CA00145E03 /* Frameworks */ = {
			isa = PBXFrameworksBuildPhase;
			buildActionMask = 2147483647;
			files = (
			);
			runOnlyForDeploymentPostprocessing = 0;
		};
/* End PBXFrameworksBuildPhase section */

/* Begin PBXGroup section */
		001902981DE2B0CA00145E03 = {
			isa = PBXGroup;
			children = (
				001902A31DE2B0CA00145E03 /* ApplicationFlowCoordinators */,
				001902A21DE2B0CA00145E03 /* Products */,
			);
			sourceTree = "<group>";
		};
		001902A21DE2B0CA00145E03 /* Products */ = {
			isa = PBXGroup;
			children = (
				001902A11DE2B0CA00145E03 /* ApplicationFlowCoordinators.app */,
			);
			name = Products;
			sourceTree = "<group>";
		};
		001902A31DE2B0CA00145E03 /* ApplicationFlowCoordinators */ = {
			isa = PBXGroup;
			children = (
				001902A41DE2B0CA00145E03 /* AppDelegate.swift */,
				001902A61DE2B0CA00145E03 /* ViewController.swift */,
				001902A81DE2B0CA00145E03 /* Main.storyboard */,
				001902AB1DE2B0CA00145E03 /* Assets.xcassets */,
				001902AD1DE2B0CA00145E03 /* LaunchScreen.storyboard */,
				001902B01DE2B0CA00145E03 /* Info.plist */,
			);
			path = ApplicationFlowCoordinators;
			sourceTree = "<group>";
		};
/* End PBXGroup section */

/* Begin PBXNativeTarget section */
		001902A01DE2B0CA00145E03 /* ApplicationFlowCoordinators */ = {
			isa = PBXNativeTarget;
			buildConfigurationList = 001902B31DE2B0CA00145E03 /* Build configuration list for PBXNativeTarget "ApplicationFlowCoordinators" */;
			buildPhases = (
				0019029D1DE2B0CA00145E03 /* Sources */,
				0019029E1DE2B0CA00145E03 /* Frameworks */,
				0019029F1DE2B0CA00145E03 /* Resources */,
			);
			buildRules = (
			);
			dependencies = (
			);
			name = ApplicationFlowCoordinators;
			productName = ApplicationFlowCoordinators;
			productReference = 001902A11DE2B0CA00145E03 /* ApplicationFlowCoordinators.app */;
			productType = "com.apple.product-type.application";
		};
/* End PBXNativeTarget section */

/* Begin PBXProject section */
		001902991DE2B0CA00145E03 /* Project object */ = {
			isa = PBXProject;
			attributes = {
				LastSwiftUpdateCheck = 0810;
				LastUpgradeCheck = 0810;
				ORGANIZATIONNAME = "Jeffrey Fulton";
				TargetAttributes = {
					001902A01DE2B0CA00145E03 = {
						CreatedOnToolsVersion = 8.1;
						DevelopmentTeam = 4DN5KQR8W8;
						ProvisioningStyle = Automatic;
					};
				};
			};
			buildConfigurationList = 0019029C1DE2B0CA00145E03 /* Build configuration list for PBXProject "ApplicationFlowCoordinators" */;
			compatibilityVersion = "Xcode 3.2";
			developmentRegion = English;
			hasScannedForEncodings = 0;
			knownRegions = (
				en,
				Base,
			);
			mainGroup = 001902981DE2B0CA00145E03;
			productRefGroup = 001902A21DE2B0CA00145E03 /* Products */;
			projectDirPath = "";
			projectRoot = "";
			targets = (
				001902A01DE2B0CA00145E03 /* ApplicationFlowCoordinators */,
			);
		};
/* End PBXProject section */

/* Begin PBXResourcesBuildPhase section */
		0019029F1DE2B0CA00145E03 /* Resources */ = {
			isa = PBXResourcesBuildPhase;
			buildActionMask = 2147483647;
			files = (
				001902AF1DE2B0CA00145E03 /* LaunchScreen.storyboard in Resources */,
				001902AC1DE2B0CA00145E03 /* Assets.xcassets in Resources */,
				001902AA1DE2B0CA00145E03 /* Main.storyboard in Resources */,
			);
			runOnlyForDeploymentPostprocessing = 0;
		};
/* End PBXResourcesBuildPhase section */

/* Begin PBXSourcesBuildPhase section */
		0019029D1DE2B0CA00145E03 /* Sources */ = {
			isa = PBXSourcesBuildPhase;
			buildActionMask = 2147483647;
			files = (
				001902A71DE2B0CA00145E03 /* ViewController.swift in Sources */,
				001902A51DE2B0CA00145E03 /* AppDelegate.swift in Sources */,
			);
			runOnlyForDeploymentPostprocessing = 0;
		};
/* End PBXSourcesBuildPhase section */

/* Begin PBXVariantGroup section */
		001902A81DE2B0CA00145E03 /* Main.storyboard */ = {
			isa = PBXVariantGroup;
			children = (
				001902A91DE2B0CA00145E03 /* Base */,
			);
			name = Main.storyboard;
			sourceTree = "<group>";
		};
		001902AD1DE2B0CA00145E03 /* LaunchScreen.storyboard */ = {
			isa = PBXVariantGroup;
			children = (
				001902AE1DE2B0CA00145E03 /* Base */,
			);
			name = LaunchScreen.storyboard;
			sourceTree = "<group>";
		};
/* End PBXVariantGroup section */

/* Begin XCBuildConfiguration section */
		001902B11DE2B0CA00145E03 /* Debug */ = {
			isa = XCBuildConfiguration;
			buildSettings = {
				ALWAYS_SEARCH_USER_PATHS = NO;
				CLANG_ANALYZER_NONNULL = YES;
				CLANG_CXX_LANGUAGE_STANDARD = "gnu++0x";
				CLANG_CXX_LIBRARY = "libc++";
				CLANG_ENABLE_MODULES = YES;
				CLANG_ENABLE_OBJC_ARC = YES;
				CLANG_WARN_BOOL_CONVERSION = YES;
				CLANG_WARN_CONSTANT_CONVERSION = YES;
				CLANG_WARN_DIRECT_OBJC_ISA_USAGE = YES_ERROR;
				CLANG_WARN_DOCUMENTATION_COMMENTS = YES;
				CLANG_WARN_EMPTY_BODY = YES;
				CLANG_WARN_ENUM_CONVERSION = YES;
				CLANG_WARN_INFINITE_RECURSION = YES;
				CLANG_WARN_INT_CONVERSION = YES;
				CLANG_WARN_OBJC_ROOT_CLASS = YES_ERROR;
				CLANG_WARN_SUSPICIOUS_MOVES = YES;
				CLANG_WARN_UNREACHABLE_CODE = YES;
				CLANG_WARN__DUPLICATE_METHOD_MATCH = YES;
				"CODE_SIGN_IDENTITY[sdk=iphoneos*]" = "iPhone Developer";
				COPY_PHASE_STRIP = NO;
				DEBUG_INFORMATION_FORMAT = dwarf;
				ENABLE_STRICT_OBJC_MSGSEND = YES;
				ENABLE_TESTABILITY = YES;
				GCC_C_LANGUAGE_STANDARD = gnu99;
				GCC_DYNAMIC_NO_PIC = NO;
				GCC_NO_COMMON_BLOCKS = YES;
				GCC_OPTIMIZATION_LEVEL = 0;
				GCC_PREPROCESSOR_DEFINITIONS = (
					"DEBUG=1",
					"$(inherited)",
				);
				GCC_WARN_64_TO_32_BIT_CONVERSION = YES;
				GCC_WARN_ABOUT_RETURN_TYPE = YES_ERROR;
				GCC_WARN_UNDECLARED_SELECTOR = YES;
				GCC_WARN_UNINITIALIZED_AUTOS = YES_AGGRESSIVE;
				GCC_WARN_UNUSED_FUNCTION = YES;
				GCC_WARN_UNUSED_VARIABLE = YES;
				IPHONEOS_DEPLOYMENT_TARGET = 10.1;
				MTL_ENABLE_DEBUG_INFO = YES;
				ONLY_ACTIVE_ARCH = YES;
				SDKROOT = iphoneos;
				SWIFT_ACTIVE_COMPILATION_CONDITIONS = DEBUG;
				SWIFT_OPTIMIZATION_LEVEL = "-Onone";
			};
			name = Debug;
		};
		001902B21DE2B0CA00145E03 /* Release */ = {
			isa = XCBuildConfiguration;
			buildSettings = {
				ALWAYS_SEARCH_USER_PATHS = NO;
				CLANG_ANALYZER_NONNULL = YES;
				CLANG_CXX_LANGUAGE_STANDARD = "gnu++0x";
				CLANG_CXX_LIBRARY = "libc++";
				CLANG_ENABLE_MODULES = YES;
				CLANG_ENABLE_OBJC_ARC = YES;
				CLANG_WARN_BOOL_CONVERSION = YES;
				CLANG_WARN_CONSTANT_CONVERSION = YES;
				CLANG_WARN_DIRECT_OBJC_ISA_USAGE = YES_ERROR;
				CLANG_WARN_DOCUMENTATION_COMMENTS = YES;
				CLANG_WARN_EMPTY_BODY = YES;
				CLANG_WARN_ENUM_CONVERSION = YES;
				CLANG_WARN_INFINITE_RECURSION = YES;
				CLANG_WARN_INT_CONVERSION = YES;
				CLANG_WARN_OBJC_ROOT_CLASS = YES_ERROR;
				CLANG_WARN_SUSPICIOUS_MOVES = YES;
				CLANG_WARN_UNREACHABLE_CODE = YES;
				CLANG_WARN__DUPLICATE_METHOD_MATCH = YES;
				"CODE_SIGN_IDENTITY[sdk=iphoneos*]" = "iPhone Developer";
				COPY_PHASE_STRIP = NO;
				DEBUG_INFORMATION_FORMAT = "dwarf-with-dsym";
				ENABLE_NS_ASSERTIONS = NO;
				ENABLE_STRICT_OBJC_MSGSEND = YES;
				GCC_C_LANGUAGE_STANDARD = gnu99;
				GCC_NO_COMMON_BLOCKS = YES;
				GCC_WARN_64_TO_32_BIT_CONVERSION = YES;
				GCC_WARN_ABOUT_RETURN_TYPE = YES_ERROR;
				GCC_WARN_UNDECLARED_SELECTOR = YES;
				GCC_WARN_UNINITIALIZED_AUTOS = YES_AGGRESSIVE;
				GCC_WARN_UNUSED_FUNCTION = YES;
				GCC_WARN_UNUSED_VARIABLE = YES;
				IPHONEOS_DEPLOYMENT_TARGET = 10.1;
				MTL_ENABLE_DEBUG_INFO = NO;
				SDKROOT = iphoneos;
				SWIFT_OPTIMIZATION_LEVEL = "-Owholemodule";
				VALIDATE_PRODUCT = YES;
			};
			name = Release;
		};
		001902B41DE2B0CA00145E03 /* Debug */ = {
			isa = XCBuildConfiguration;
			buildSettings = {
				ASSETCATALOG_COMPILER_APPICON_NAME = AppIcon;
				DEVELOPMENT_TEAM = 4DN5KQR8W8;
				INFOPLIST_FILE = ApplicationFlowCoordinators/Info.plist;
				LD_RUNPATH_SEARCH_PATHS = "$(inherited) @executable_path/Frameworks";
				PRODUCT_BUNDLE_IDENTIFIER = ca.jeffreyfulton.ApplicationFlowCoordinators;
				PRODUCT_NAME = "$(TARGET_NAME)";
				SWIFT_VERSION = 3.0;
			};
			name = Debug;
		};
		001902B51DE2B0CA00145E03 /* Release */ = {
			isa = XCBuildConfiguration;
			buildSettings = {
				ASSETCATALOG_COMPILER_APPICON_NAME = AppIcon;
				DEVELOPMENT_TEAM = 4DN5KQR8W8;
				INFOPLIST_FILE = ApplicationFlowCoordinators/Info.plist;
				LD_RUNPATH_SEARCH_PATHS = "$(inherited) @executable_path/Frameworks";
				PRODUCT_BUNDLE_IDENTIFIER = ca.jeffreyfulton.ApplicationFlowCoordinators;
				PRODUCT_NAME = "$(TARGET_NAME)";
				SWIFT_VERSION = 3.0;
			};
			name = Release;
		};
/* End XCBuildConfiguration section */

/* Begin XCConfigurationList section */
		0019029C1DE2B0CA00145E03 /* Build configuration list for PBXProject "ApplicationFlowCoordinators" */ = {
			isa = XCConfigurationList;
			buildConfigurations = (
				001902B11DE2B0CA00145E03 /* Debug */,
				001902B21DE2B0CA00145E03 /* Release */,
			);
			defaultConfigurationIsVisible = 0;
			defaultConfigurationName = Release;
		};
		001902B31DE2B0CA00145E03 /* Build configuration list for PBXNativeTarget "ApplicationFlowCoordinators" */ = {
			isa = XCConfigurationList;
			buildConfigurations = (
				001902B41DE2B0CA00145E03 /* Debug */,
				001902B51DE2B0CA00145E03 /* Release */,
			);
			defaultConfigurationIsVisible = 0;
		};
/* End XCConfigurationList section */
	};
	rootObject = 001902991DE2B0CA00145E03 /* Project object */;
}
